
Microsoft Visual Studio Solution File, Format Version 12.00
# Visual Studio Version 17
VisualStudioVersion = 17.11.35327.3
MinimumVisualStudioVersion = 10.0.40219.1
Project("{FAE04EC0-301F-11D3-BF4B-00C04F79EFBC}") = "LaptopRentalCMD_but_better", "LaptopRentalCMD_but_better\LaptopRentalCMD_but_better.csproj", "{F5BF68E6-1489-490B-B12F-7BCE7861E385}"
EndProject
Global
	GlobalSection(SolutionConfigurationPlatforms) = preSolution
		Debug|Any CPU = Debug|Any CPU
		Release|Any CPU = Release|Any CPU
	EndGlobalSection
	GlobalSection(ProjectConfigurationPlatforms) = postSolution
		{F5BF68E6-1489-490B-B12F-7BCE7861E385}.Debug|Any CPU.ActiveCfg = Debug|Any CPU
		{F5BF68E6-1489-490B-B12F-7BCE7861E385}.Debug|Any CPU.Build.0 = Debug|Any CPU
		{F5BF68E6-1489-490B-B12F-7BCE7861E385}.Release|Any CPU.ActiveCfg = Release|Any CPU
		{F5BF68E6-1489-490B-B12F-7BCE7861E385}.Release|Any CPU.Build.0 = Release|Any CPU
	EndGlobalSection
	GlobalSection(SolutionProperties) = preSolution
		HideSolutionNode = FALSE
	EndGlobalSection
	GlobalSection(ExtensibilityGlobals) = postSolution
		SolutionGuid = {4BB76837-C42C-4B53-B8A1-DB898F26E999}
	EndGlobalSection
EndGlobal
